
Microsoft Visual Studio Solution File, Format Version 12.00
# Visual Studio 15
VisualStudioVersion = 15.0.26124.0
MinimumVisualStudioVersion = 15.0.26124.0
Project("{FAE04EC0-301F-11D3-BF4B-00C04F79EFBC}") = "Datos", "Datos\Datos.csproj", "{DEEBD80B-5298-47A7-9BF7-2033DE0B07DE}"
EndProject
Project("{FAE04EC0-301F-11D3-BF4B-00C04F79EFBC}") = "Entity", "Entity\Entity.csproj", "{7CEBA3CB-3DD5-423B-A1C9-161B8268BB04}"
EndProject
Project("{FAE04EC0-301F-11D3-BF4B-00C04F79EFBC}") = "Infraestructura", "Infraestructura\Infraestructura.csproj", "{AE137684-9E77-460C-9E62-1AEE4507216A}"
EndProject
Global
	GlobalSection(SolutionConfigurationPlatforms) = preSolution
		Debug|Any CPU = Debug|Any CPU
		Debug|x64 = Debug|x64
		Debug|x86 = Debug|x86
		Release|Any CPU = Release|Any CPU
		Release|x64 = Release|x64
		Release|x86 = Release|x86
	EndGlobalSection
	GlobalSection(SolutionProperties) = preSolution
		HideSolutionNode = FALSE
	EndGlobalSection
	GlobalSection(ProjectConfigurationPlatforms) = postSolution
		{DEEBD80B-5298-47A7-9BF7-2033DE0B07DE}.Debug|Any CPU.ActiveCfg = Debug|Any CPU
		{DEEBD80B-5298-47A7-9BF7-2033DE0B07DE}.Debug|Any CPU.Build.0 = Debug|Any CPU
		{DEEBD80B-5298-47A7-9BF7-2033DE0B07DE}.Debug|x64.ActiveCfg = Debug|Any CPU
		{DEEBD80B-5298-47A7-9BF7-2033DE0B07DE}.Debug|x64.Build.0 = Debug|Any CPU
		{DEEBD80B-5298-47A7-9BF7-2033DE0B07DE}.Debug|x86.ActiveCfg = Debug|Any CPU
		{DEEBD80B-5298-47A7-9BF7-2033DE0B07DE}.Debug|x86.Build.0 = Debug|Any CPU
		{DEEBD80B-5298-47A7-9BF7-2033DE0B07DE}.Release|Any CPU.ActiveCfg = Release|Any CPU
		{DEEBD80B-5298-47A7-9BF7-2033DE0B07DE}.Release|Any CPU.Build.0 = Release|Any CPU
		{DEEBD80B-5298-47A7-9BF7-2033DE0B07DE}.Release|x64.ActiveCfg = Release|Any CPU
		{DEEBD80B-5298-47A7-9BF7-2033DE0B07DE}.Release|x64.Build.0 = Release|Any CPU
		{DEEBD80B-5298-47A7-9BF7-2033DE0B07DE}.Release|x86.ActiveCfg = Release|Any CPU
		{DEEBD80B-5298-47A7-9BF7-2033DE0B07DE}.Release|x86.Build.0 = Release|Any CPU
		{7CEBA3CB-3DD5-423B-A1C9-161B8268BB04}.Debug|Any CPU.ActiveCfg = Debug|Any CPU
		{7CEBA3CB-3DD5-423B-A1C9-161B8268BB04}.Debug|Any CPU.Build.0 = Debug|Any CPU
		{7CEBA3CB-3DD5-423B-A1C9-161B8268BB04}.Debug|x64.ActiveCfg = Debug|Any CPU
		{7CEBA3CB-3DD5-423B-A1C9-161B8268BB04}.Debug|x64.Build.0 = Debug|Any CPU
		{7CEBA3CB-3DD5-423B-A1C9-161B8268BB04}.Debug|x86.ActiveCfg = Debug|Any CPU
		{7CEBA3CB-3DD5-423B-A1C9-161B8268BB04}.Debug|x86.Build.0 = Debug|Any CPU
		{7CEBA3CB-3DD5-423B-A1C9-161B8268BB04}.Release|Any CPU.ActiveCfg = Release|Any CPU
		{7CEBA3CB-3DD5-423B-A1C9-161B8268BB04}.Release|Any CPU.Build.0 = Release|Any CPU
		{7CEBA3CB-3DD5-423B-A1C9-161B8268BB04}.Release|x64.ActiveCfg = Release|Any CPU
		{7CEBA3CB-3DD5-423B-A1C9-161B8268BB04}.Release|x64.Build.0 = Release|Any CPU
		{7CEBA3CB-3DD5-423B-A1C9-161B8268BB04}.Release|x86.ActiveCfg = Release|Any CPU
		{7CEBA3CB-3DD5-423B-A1C9-161B8268BB04}.Release|x86.Build.0 = Release|Any CPU
		{AE137684-9E77-460C-9E62-1AEE4507216A}.Debug|Any CPU.ActiveCfg = Debug|Any CPU
		{AE137684-9E77-460C-9E62-1AEE4507216A}.Debug|Any CPU.Build.0 = Debug|Any CPU
		{AE137684-9E77-460C-9E62-1AEE4507216A}.Debug|x64.ActiveCfg = Debug|Any CPU
		{AE137684-9E77-460C-9E62-1AEE4507216A}.Debug|x64.Build.0 = Debug|Any CPU
		{AE137684-9E77-460C-9E62-1AEE4507216A}.Debug|x86.ActiveCfg = Debug|Any CPU
		{AE137684-9E77-460C-9E62-1AEE4507216A}.Debug|x86.Build.0 = Debug|Any CPU
		{AE137684-9E77-460C-9E62-1AEE4507216A}.Release|Any CPU.ActiveCfg = Release|Any CPU
		{AE137684-9E77-460C-9E62-1AEE4507216A}.Release|Any CPU.Build.0 = Release|Any CPU
		{AE137684-9E77-460C-9E62-1AEE4507216A}.Release|x64.ActiveCfg = Release|Any CPU
		{AE137684-9E77-460C-9E62-1AEE4507216A}.Release|x64.Build.0 = Release|Any CPU
		{AE137684-9E77-460C-9E62-1AEE4507216A}.Release|x86.ActiveCfg = Release|Any CPU
		{AE137684-9E77-460C-9E62-1AEE4507216A}.Release|x86.Build.0 = Release|Any CPU
	EndGlobalSection
EndGlobal
